
Microsoft Visual Studio Solution File, Format Version 12.00
# Visual Studio Version 17
VisualStudioVersion = 17.3.32804.467
MinimumVisualStudioVersion = 10.0.40219.1
Project("{FAE04EC0-301F-11D3-BF4B-00C04F79EFBC}") = "2A_Agenda_Victor_Fernando", "2A_Agenda_Victor_Fernando.csproj", "{19DE97F1-DF5C-4836-857A-946FE51E11F2}"
EndProject
Global
	GlobalSection(SolutionConfigurationPlatforms) = preSolution
		Debug|Any CPU = Debug|Any CPU
		Release|Any CPU = Release|Any CPU
	EndGlobalSection
	GlobalSection(ProjectConfigurationPlatforms) = postSolution
		{19DE97F1-DF5C-4836-857A-946FE51E11F2}.Debug|Any CPU.ActiveCfg = Debug|Any CPU
		{19DE97F1-DF5C-4836-857A-946FE51E11F2}.Debug|Any CPU.Build.0 = Debug|Any CPU
		{19DE97F1-DF5C-4836-857A-946FE51E11F2}.Release|Any CPU.ActiveCfg = Release|Any CPU
		{19DE97F1-DF5C-4836-857A-946FE51E11F2}.Release|Any CPU.Build.0 = Release|Any CPU
	EndGlobalSection
	GlobalSection(SolutionProperties) = preSolution
		HideSolutionNode = FALSE
	EndGlobalSection
	GlobalSection(ExtensibilityGlobals) = postSolution
		SolutionGuid = {38B5B597-02B8-4FA1-8273-DDA2DD4BA1B0}
	EndGlobalSection
EndGlobal
